<?xml version="1.0" encoding="utf-8"?>
<Project ToolsVersion="4.0" xmlns="http://schemas.microsoft.com/developer/msbuild/2003">
  <ItemGroup>
    <ClCompile Include="Area.cpp" />
    <ClCompile Include="Armor.cpp" />
    <ClCompile Include="Inventory.cpp" />
    <ClCompile Include="renderGameOver.cpp" />
    <ClCompile Include="renderGameUI.cpp" />
    <ClCompile Include="renderLevelTransition.cpp" />
    <ClCompile Include="renderShop.cpp" />
    <ClCompile Include="updateBattle.cpp" />
    <ClCompile Include="battleInterface.cpp" />
    <ClCompile Include="Enemy.cpp" />
    <ClCompile Include="Entity.cpp" />
    <ClCompile Include="Framework\console.cpp" />
    <ClCompile Include="Framework\timer.cpp" />
    <ClCompile Include="game.cpp" />
    <ClCompile Include="generateMap.cpp" />
    <ClCompile Include="Interface.cpp" />
    <ClCompile Include="Item.cpp" />
    <ClCompile Include="renderCharacterSprite.cpp" />
    <ClCompile Include="main.cpp" />
    <ClCompile Include="Map.cpp" />
    <ClCompile Include="Player.cpp" />
    <ClCompile Include="Position.cpp" />
    <ClCompile Include="renderBattle.cpp" />
    <ClCompile Include="renderCharacter.cpp" />
    <ClCompile Include="renderCharacterDamage.cpp" />
    <ClCompile Include="renderEnemyDamage.cpp" />
    <ClCompile Include="renderEnemySprite.cpp" />
    <ClCompile Include="renderMainMenu.cpp" />
    <ClCompile Include="renderMap.cpp" />
    <ClCompile Include="shopInterface.cpp" />
    <ClCompile Include="updateGameOver.cpp" />
    <ClCompile Include="updateInventory.cpp" />
    <ClCompile Include="updateMainMenu.cpp" />
    <ClCompile Include="updateShop.cpp" />
    <ClCompile Include="Weapon.cpp" />
  </ItemGroup>
  <ItemGroup>
    <ClInclude Include="Area.h" />
    <ClInclude Include="Armor.h" />
    <ClInclude Include="Inventory.h" />
    <ClInclude Include="renderGameOver.h" />
    <ClInclude Include="renderGameUI.h" />
    <ClInclude Include="renderLevelTransition.h" />
    <ClInclude Include="renderShop.h" />
    <ClInclude Include="updateBattle.h" />
    <ClInclude Include="battleInterface.h" />
    <ClInclude Include="colours.h" />
    <ClInclude Include="Enemy.h" />
    <ClInclude Include="Entity.h" />
    <ClInclude Include="Framework\console.h" />
    <ClInclude Include="Framework\timer.h" />
    <ClInclude Include="game.h" />
    <ClInclude Include="generateMap.h" />
    <ClInclude Include="Interface.h" />
    <ClInclude Include="Item.h" />
    <ClInclude Include="renderCharacterSprite.h" />
    <ClInclude Include="renderEnemyDamage.h" />
    <ClInclude Include="renderEnemySprite.h" />
    <ClInclude Include="Map.h" />
    <ClInclude Include="keyEvents.h" />
    <ClInclude Include="Player.h" />
    <ClInclude Include="Position.h" />
    <ClInclude Include="renderBattle.h" />
    <ClInclude Include="renderCharacter.h" />
    <ClInclude Include="renderCharacterDamage.h" />
    <ClInclude Include="renderMainMenu.h" />
    <ClInclude Include="renderMap.h" />
    <ClInclude Include="shopInterface.h" />
    <ClInclude Include="updateGameOver.h" />
    <ClInclude Include="updateInventory.h" />
    <ClInclude Include="updateMainMenu.h" />
    <ClInclude Include="updateShop.h" />
    <ClInclude Include="Weapon.h" />
  </ItemGroup>
</Project>